
Microsoft Visual Studio Solution File, Format Version 12.00
# Visual Studio Version 17
VisualStudioVersion = 17.13.35828.75 d17.13
MinimumVisualStudioVersion = 10.0.40219.1
Project("{FAE04EC0-301F-11D3-BF4B-00C04F79EFBC}") = "MIDTERM_HO2_POKEMON_BACK_END", "MIDTERM_HO2_POKEMON_BACK_END\MIDTERM_HO2_POKEMON_BACK_END.csproj", "{7EB8CC77-5C50-4F16-99F3-25A4BCC4BBD4}"
EndProject
Global
	GlobalSection(SolutionConfigurationPlatforms) = preSolution
		Debug|Any CPU = Debug|Any CPU
		Release|Any CPU = Release|Any CPU
	EndGlobalSection
	GlobalSection(ProjectConfigurationPlatforms) = postSolution
		{7EB8CC77-5C50-4F16-99F3-25A4BCC4BBD4}.Debug|Any CPU.ActiveCfg = Debug|Any CPU
		{7EB8CC77-5C50-4F16-99F3-25A4BCC4BBD4}.Debug|Any CPU.Build.0 = Debug|Any CPU
		{7EB8CC77-5C50-4F16-99F3-25A4BCC4BBD4}.Release|Any CPU.ActiveCfg = Release|Any CPU
		{7EB8CC77-5C50-4F16-99F3-25A4BCC4BBD4}.Release|Any CPU.Build.0 = Release|Any CPU
	EndGlobalSection
	GlobalSection(SolutionProperties) = preSolution
		HideSolutionNode = FALSE
	EndGlobalSection
	GlobalSection(ExtensibilityGlobals) = postSolution
		SolutionGuid = {ACD36647-F070-47F3-BFAD-A23307CBAEDC}
	EndGlobalSection
EndGlobal
